// !$*UTF8*$!
{
	archiveVersion = 1;
	classes = {
	};
	objectVersion = 50;
	objects = {

/* Begin PBXBuildFile section */
		2D1F679BE361CB0DF41EF309 /* libPods-WallPaper.a in Frameworks */ = {isa = PBXBuildFile; fileRef = 0B158FD83467C35136047420 /* libPods-WallPaper.a */; };
		58BA6C6324C966DC00793D09 /* AppDelegate.swift in Sources */ = {isa = PBXBuildFile; fileRef = 58BA6C6224C966DC00793D09 /* AppDelegate.swift */; };
		58BA6C6724C966DC00793D09 /* ViewController.swift in Sources */ = {isa = PBXBuildFile; fileRef = 58BA6C6624C966DC00793D09 /* ViewController.swift */; };
		58BA6C6F24C966DE00793D09 /* LaunchScreen.storyboard in Resources */ = {isa = PBXBuildFile; fileRef = 58BA6C6D24C966DE00793D09 /* LaunchScreen.storyboard */; };
		58BA6C7724C9671900793D09 /* Assets.xcassets in Resources */ = {isa = PBXBuildFile; fileRef = 58BA6C7624C9671900793D09 /* Assets.xcassets */; };
		58BA6C9924CA74FF00793D09 /* ImageCat.swift in Sources */ = {isa = PBXBuildFile; fileRef = 58BA6C9824CA74FF00793D09 /* ImageCat.swift */; };
		58BA6C9B24CAB9C400793D09 /* ClassImage.swift in Sources */ = {isa = PBXBuildFile; fileRef = 58BA6C9A24CAB9C400793D09 /* ClassImage.swift */; };
		58BA6CC524CB145B00793D09 /* ClassVideo.swift in Sources */ = {isa = PBXBuildFile; fileRef = 58BA6CC424CB145B00793D09 /* ClassVideo.swift */; };
		58BA6CC724CB1A8600793D09 /* VideoData.swift in Sources */ = {isa = PBXBuildFile; fileRef = 58BA6CC624CB1A8600793D09 /* VideoData.swift */; };
		58BA6CC924CBBA7800793D09 /* Play.swift in Sources */ = {isa = PBXBuildFile; fileRef = 58BA6CC824CBBA7800793D09 /* Play.swift */; };
/* End PBXBuildFile section */

/* Begin PBXFileReference section */
		0B158FD83467C35136047420 /* libPods-WallPaper.a */ = {isa = PBXFileReference; explicitFileType = archive.ar; includeInIndex = 0; path = "libPods-WallPaper.a"; sourceTree = BUILT_PRODUCTS_DIR; };
		15B251BA87A84253A53005DF /* Pods-WallPaper.debug.xcconfig */ = {isa = PBXFileReference; includeInIndex = 1; lastKnownFileType = text.xcconfig; name = "Pods-WallPaper.debug.xcconfig"; path = "Target Support Files/Pods-WallPaper/Pods-WallPaper.debug.xcconfig"; sourceTree = "<group>"; };
		426094CBA22274D41D8AEDAC /* Pods-WallPaper.release.xcconfig */ = {isa = PBXFileReference; includeInIndex = 1; lastKnownFileType = text.xcconfig; name = "Pods-WallPaper.release.xcconfig"; path = "Target Support Files/Pods-WallPaper/Pods-WallPaper.release.xcconfig"; sourceTree = "<group>"; };
		58BA6C5F24C966DC00793D09 /* WallPaper.app */ = {isa = PBXFileReference; explicitFileType = wrapper.application; includeInIndex = 0; path = WallPaper.app; sourceTree = BUILT_PRODUCTS_DIR; };
		58BA6C6224C966DC00793D09 /* AppDelegate.swift */ = {isa = PBXFileReference; lastKnownFileType = sourcecode.swift; path = AppDelegate.swift; sourceTree = "<group>"; };
		58BA6C6624C966DC00793D09 /* ViewController.swift */ = {isa = PBXFileReference; lastKnownFileType = sourcecode.swift; path = ViewController.swift; sourceTree = "<group>"; };
		58BA6C6E24C966DE00793D09 /* Base */ = {isa = PBXFileReference; lastKnownFileType = file.storyboard; name = Base; path = Base.lproj/LaunchScreen.storyboard; sourceTree = "<group>"; };
		58BA6C7024C966DE00793D09 /* Info.plist */ = {isa = PBXFileReference; lastKnownFileType = text.plist.xml; path = Info.plist; sourceTree = "<group>"; };
		58BA6C7624C9671900793D09 /* Assets.xcassets */ = {isa = PBXFileReference; lastKnownFileType = folder.assetcatalog; path = Assets.xcassets; sourceTree = "<group>"; };
		58BA6C9824CA74FF00793D09 /* ImageCat.swift */ = {isa = PBXFileReference; lastKnownFileType = sourcecode.swift; path = ImageCat.swift; sourceTree = "<group>"; };
		58BA6C9A24CAB9C400793D09 /* ClassImage.swift */ = {isa = PBXFileReference; lastKnownFileType = sourcecode.swift; path = ClassImage.swift; sourceTree = "<group>"; };
		58BA6CC424CB145B00793D09 /* ClassVideo.swift */ = {isa = PBXFileReference; lastKnownFileType = sourcecode.swift; path = ClassVideo.swift; sourceTree = "<group>"; };
		58BA6CC624CB1A8600793D09 /* VideoData.swift */ = {isa = PBXFileReference; lastKnownFileType = sourcecode.swift; path = VideoData.swift; sourceTree = "<group>"; };
		58BA6CC824CBBA7800793D09 /* Play.swift */ = {isa = PBXFileReference; lastKnownFileType = sourcecode.swift; path = Play.swift; sourceTree = "<group>"; };
/* End PBXFileReference section */

/* Begin PBXFrameworksBuildPhase section */
		58BA6C5C24C966DC00793D09 /* Frameworks */ = {
			isa = PBXFrameworksBuildPhase;
			buildActionMask = 2147483647;
			files = (
				2D1F679BE361CB0DF41EF309 /* libPods-WallPaper.a in Frameworks */,
			);
			runOnlyForDeploymentPostprocessing = 0;
		};
/* End PBXFrameworksBuildPhase section */

/* Begin PBXGroup section */
		58BA6C5624C966DC00793D09 = {
			isa = PBXGroup;
			children = (
				58BA6C6124C966DC00793D09 /* WallPaper */,
				58BA6C6024C966DC00793D09 /* Products */,
				75B8783385B2868AD3E79EBE /* Pods */,
				A7149DAFD0BD71B00F6691D0 /* Frameworks */,
			);
			sourceTree = "<group>";
		};
		58BA6C6024C966DC00793D09 /* Products */ = {
			isa = PBXGroup;
			children = (
				58BA6C5F24C966DC00793D09 /* WallPaper.app */,
			);
			name = Products;
			sourceTree = "<group>";
		};
		58BA6C6124C966DC00793D09 /* WallPaper */ = {
			isa = PBXGroup;
			children = (
				58BA6C6224C966DC00793D09 /* AppDelegate.swift */,
				58BA6C7624C9671900793D09 /* Assets.xcassets */,
				58BA6C6624C966DC00793D09 /* ViewController.swift */,
				58BA6C6D24C966DE00793D09 /* LaunchScreen.storyboard */,
				58BA6C7024C966DE00793D09 /* Info.plist */,
				58BA6C9824CA74FF00793D09 /* ImageCat.swift */,
				58BA6C9A24CAB9C400793D09 /* ClassImage.swift */,
				58BA6CC424CB145B00793D09 /* ClassVideo.swift */,
				58BA6CC624CB1A8600793D09 /* VideoData.swift */,
				58BA6CC824CBBA7800793D09 /* Play.swift */,
			);
			path = WallPaper;
			sourceTree = "<group>";
		};
		75B8783385B2868AD3E79EBE /* Pods */ = {
			isa = PBXGroup;
			children = (
				15B251BA87A84253A53005DF /* Pods-WallPaper.debug.xcconfig */,
				426094CBA22274D41D8AEDAC /* Pods-WallPaper.release.xcconfig */,
			);
			path = Pods;
			sourceTree = "<group>";
		};
		A7149DAFD0BD71B00F6691D0 /* Frameworks */ = {
			isa = PBXGroup;
			children = (
				0B158FD83467C35136047420 /* libPods-WallPaper.a */,
			);
			name = Frameworks;
			sourceTree = "<group>";
		};
/* End PBXGroup section */

/* Begin PBXNativeTarget section */
		58BA6C5E24C966DC00793D09 /* WallPaper */ = {
			isa = PBXNativeTarget;
			buildConfigurationList = 58BA6C7324C966DE00793D09 /* Build configuration list for PBXNativeTarget "WallPaper" */;
			buildPhases = (
				FCB554B93A5FFC1542E6E024 /* [CP] Check Pods Manifest.lock */,
				58BA6C5B24C966DC00793D09 /* Sources */,
				58BA6C5C24C966DC00793D09 /* Frameworks */,
				58BA6C5D24C966DC00793D09 /* Resources */,
			);
			buildRules = (
			);
			dependencies = (
			);
			name = WallPaper;
			productName = WallPaper;
			productReference = 58BA6C5F24C966DC00793D09 /* WallPaper.app */;
			productType = "com.apple.product-type.application";
		};
/* End PBXNativeTarget section */

/* Begin PBXProject section */
		58BA6C5724C966DC00793D09 /* Project object */ = {
			isa = PBXProject;
			attributes = {
				LastSwiftUpdateCheck = 1160;
				LastUpgradeCheck = 1160;
				ORGANIZATIONNAME = liusheng;
				TargetAttributes = {
					58BA6C5E24C966DC00793D09 = {
						CreatedOnToolsVersion = 11.6;
					};
				};
			};
			buildConfigurationList = 58BA6C5A24C966DC00793D09 /* Build configuration list for PBXProject "WallPaper" */;
			compatibilityVersion = "Xcode 9.3";
			developmentRegion = en;
			hasScannedForEncodings = 0;
			knownRegions = (
				en,
				Base,
			);
			mainGroup = 58BA6C5624C966DC00793D09;
			productRefGroup = 58BA6C6024C966DC00793D09 /* Products */;
			projectDirPath = "";
			projectRoot = "";
			targets = (
				58BA6C5E24C966DC00793D09 /* WallPaper */,
			);
		};
/* End PBXProject section */

/* Begin PBXResourcesBuildPhase section */
		58BA6C5D24C966DC00793D09 /* Resources */ = {
			isa = PBXResourcesBuildPhase;
			buildActionMask = 2147483647;
			files = (
				58BA6C6F24C966DE00793D09 /* LaunchScreen.storyboard in Resources */,
				58BA6C7724C9671900793D09 /* Assets.xcassets in Resources */,
			);
			runOnlyForDeploymentPostprocessing = 0;
		};
/* End PBXResourcesBuildPhase section */

/* Begin PBXShellScriptBuildPhase section */
		FCB554B93A5FFC1542E6E024 /* [CP] Check Pods Manifest.lock */ = {
			isa = PBXShellScriptBuildPhase;
			buildActionMask = 2147483647;
			files = (
			);
			inputFileListPaths = (
			);
			inputPaths = (
				"${PODS_PODFILE_DIR_PATH}/Podfile.lock",
				"${PODS_ROOT}/Manifest.lock",
			);
			name = "[CP] Check Pods Manifest.lock";
			outputFileListPaths = (
			);
			outputPaths = (
				"$(DERIVED_FILE_DIR)/Pods-WallPaper-checkManifestLockResult.txt",
			);
			runOnlyForDeploymentPostprocessing = 0;
			shellPath = /bin/sh;
			shellScript = "diff \"${PODS_PODFILE_DIR_PATH}/Podfile.lock\" \"${PODS_ROOT}/Manifest.lock\" > /dev/null\nif [ $? != 0 ] ; then\n    # print error to STDERR\n    echo \"error: The sandbox is not in sync with the Podfile.lock. Run 'pod install' or update your CocoaPods installation.\" >&2\n    exit 1\nfi\n# This output is used by Xcode 'outputs' to avoid re-running this script phase.\necho \"SUCCESS\" > \"${SCRIPT_OUTPUT_FILE_0}\"\n";
			showEnvVarsInLog = 0;
		};
/* End PBXShellScriptBuildPhase section */

/* Begin PBXSourcesBuildPhase section */
		58BA6C5B24C966DC00793D09 /* Sources */ = {
			isa = PBXSourcesBuildPhase;
			buildActionMask = 2147483647;
			files = (
				58BA6C9B24CAB9C400793D09 /* ClassImage.swift in Sources */,
				58BA6C6724C966DC00793D09 /* ViewController.swift in Sources */,
				58BA6CC724CB1A8600793D09 /* VideoData.swift in Sources */,
				58BA6CC924CBBA7800793D09 /* Play.swift in Sources */,
				58BA6C9924CA74FF00793D09 /* ImageCat.swift in Sources */,
				58BA6CC524CB145B00793D09 /* ClassVideo.swift in Sources */,
				58BA6C6324C966DC00793D09 /* AppDelegate.swift in Sources */,
			);
			runOnlyForDeploymentPostprocessing = 0;
		};
/* End PBXSourcesBuildPhase section */

/* Begin PBXVariantGroup section */
		58BA6C6D24C966DE00793D09 /* LaunchScreen.storyboard */ = {
			isa = PBXVariantGroup;
			children = (
				58BA6C6E24C966DE00793D09 /* Base */,
			);
			name = LaunchScreen.storyboard;
			sourceTree = "<group>";
		};
/* End PBXVariantGroup section */

/* Begin XCBuildConfiguration section */
		58BA6C7124C966DE00793D09 /* Debug */ = {
			isa = XCBuildConfiguration;
			buildSettings = {
				ALWAYS_SEARCH_USER_PATHS = NO;
				CLANG_ANALYZER_NONNULL = YES;
				CLANG_ANALYZER_NUMBER_OBJECT_CONVERSION = YES_AGGRESSIVE;
				CLANG_CXX_LANGUAGE_STANDARD = "gnu++14";
				CLANG_CXX_LIBRARY = "libc++";
				CLANG_ENABLE_MODULES = YES;
				CLANG_ENABLE_OBJC_ARC = YES;
				CLANG_ENABLE_OBJC_WEAK = YES;
				CLANG_WARN_BLOCK_CAPTURE_AUTORELEASING = YES;
				CLANG_WARN_BOOL_CONVERSION = YES;
				CLANG_WARN_COMMA = YES;
				CLANG_WARN_CONSTANT_CONVERSION = YES;
				CLANG_WARN_DEPRECATED_OBJC_IMPLEMENTATIONS = YES;
				CLANG_WARN_DIRECT_OBJC_ISA_USAGE = YES_ERROR;
				CLANG_WARN_DOCUMENTATION_COMMENTS = YES;
				CLANG_WARN_EMPTY_BODY = YES;
				CLANG_WARN_ENUM_CONVERSION = YES;
				CLANG_WARN_INFINITE_RECURSION = YES;
				CLANG_WARN_INT_CONVERSION = YES;
				CLANG_WARN_NON_LITERAL_NULL_CONVERSION = YES;
				CLANG_WARN_OBJC_IMPLICIT_RETAIN_SELF = YES;
				CLANG_WARN_OBJC_LITERAL_CONVERSION = YES;
				CLANG_WARN_OBJC_ROOT_CLASS = YES_ERROR;
				CLANG_WARN_RANGE_LOOP_ANALYSIS = YES;
				CLANG_WARN_STRICT_PROTOTYPES = YES;
				CLANG_WARN_SUSPICIOUS_MOVE = YES;
				CLANG_WARN_UNGUARDED_AVAILABILITY = YES_AGGRESSIVE;
				CLANG_WARN_UNREACHABLE_CODE = YES;
				CLANG_WARN__DUPLICATE_METHOD_MATCH = YES;
				COPY_PHASE_STRIP = NO;
				DEBUG_INFORMATION_FORMAT = dwarf;
				ENABLE_STRICT_OBJC_MSGSEND = YES;
				ENABLE_TESTABILITY = YES;
				GCC_C_LANGUAGE_STANDARD = gnu11;
				GCC_DYNAMIC_NO_PIC = NO;
				GCC_NO_COMMON_BLOCKS = YES;
				GCC_OPTIMIZATION_LEVEL = 0;
				GCC_PREPROCESSOR_DEFINITIONS = (
					"DEBUG=1",
					"$(inherited)",
				);
				GCC_WARN_64_TO_32_BIT_CONVERSION = YES;
				GCC_WARN_ABOUT_RETURN_TYPE = YES_ERROR;
				GCC_WARN_UNDECLARED_SELECTOR = YES;
				GCC_WARN_UNINITIALIZED_AUTOS = YES_AGGRESSIVE;
				GCC_WARN_UNUSED_FUNCTION = YES;
				GCC_WARN_UNUSED_VARIABLE = YES;
				IPHONEOS_DEPLOYMENT_TARGET = 13.6;
				MTL_ENABLE_DEBUG_INFO = INCLUDE_SOURCE;
				MTL_FAST_MATH = YES;
				ONLY_ACTIVE_ARCH = YES;
				SDKROOT = iphoneos;
				SWIFT_ACTIVE_COMPILATION_CONDITIONS = DEBUG;
				SWIFT_OPTIMIZATION_LEVEL = "-Onone";
			};
			name = Debug;
		};
		58BA6C7224C966DE00793D09 /* Release */ = {
			isa = XCBuildConfiguration;
			buildSettings = {
				ALWAYS_SEARCH_USER_PATHS = NO;
				CLANG_ANALYZER_NONNULL = YES;
				CLANG_ANALYZER_NUMBER_OBJECT_CONVERSION = YES_AGGRESSIVE;
				CLANG_CXX_LANGUAGE_STANDARD = "gnu++14";
				CLANG_CXX_LIBRARY = "libc++";
				CLANG_ENABLE_MODULES = YES;
				CLANG_ENABLE_OBJC_ARC = YES;
				CLANG_ENABLE_OBJC_WEAK = YES;
				CLANG_WARN_BLOCK_CAPTURE_AUTORELEASING = YES;
				CLANG_WARN_BOOL_CONVERSION = YES;
				CLANG_WARN_COMMA = YES;
				CLANG_WARN_CONSTANT_CONVERSION = YES;
				CLANG_WARN_DEPRECATED_OBJC_IMPLEMENTATIONS = YES;
				CLANG_WARN_DIRECT_OBJC_ISA_USAGE = YES_ERROR;
				CLANG_WARN_DOCUMENTATION_COMMENTS = YES;
				CLANG_WARN_EMPTY_BODY = YES;
				CLANG_WARN_ENUM_CONVERSION = YES;
				CLANG_WARN_INFINITE_RECURSION = YES;
				CLANG_WARN_INT_CONVERSION = YES;
				CLANG_WARN_NON_LITERAL_NULL_CONVERSION = YES;
				CLANG_WARN_OBJC_IMPLICIT_RETAIN_SELF = YES;
				CLANG_WARN_OBJC_LITERAL_CONVERSION = YES;
				CLANG_WARN_OBJC_ROOT_CLASS = YES_ERROR;
				CLANG_WARN_RANGE_LOOP_ANALYSIS = YES;
				CLANG_WARN_STRICT_PROTOTYPES = YES;
				CLANG_WARN_SUSPICIOUS_MOVE = YES;
				CLANG_WARN_UNGUARDED_AVAILABILITY = YES_AGGRESSIVE;
				CLANG_WARN_UNREACHABLE_CODE = YES;
				CLANG_WARN__DUPLICATE_METHOD_MATCH = YES;
				COPY_PHASE_STRIP = NO;
				DEBUG_INFORMATION_FORMAT = "dwarf-with-dsym";
				ENABLE_NS_ASSERTIONS = NO;
				ENABLE_STRICT_OBJC_MSGSEND = YES;
				GCC_C_LANGUAGE_STANDARD = gnu11;
				GCC_NO_COMMON_BLOCKS = YES;
				GCC_WARN_64_TO_32_BIT_CONVERSION = YES;
				GCC_WARN_ABOUT_RETURN_TYPE = YES_ERROR;
				GCC_WARN_UNDECLARED_SELECTOR = YES;
				GCC_WARN_UNINITIALIZED_AUTOS = YES_AGGRESSIVE;
				GCC_WARN_UNUSED_FUNCTION = YES;
				GCC_WARN_UNUSED_VARIABLE = YES;
				IPHONEOS_DEPLOYMENT_TARGET = 13.6;
				MTL_ENABLE_DEBUG_INFO = NO;
				MTL_FAST_MATH = YES;
				SDKROOT = iphoneos;
				SWIFT_COMPILATION_MODE = wholemodule;
				SWIFT_OPTIMIZATION_LEVEL = "-O";
				VALIDATE_PRODUCT = YES;
			};
			name = Release;
		};
		58BA6C7424C966DE00793D09 /* Debug */ = {
			isa = XCBuildConfiguration;
			baseConfigurationReference = 15B251BA87A84253A53005DF /* Pods-WallPaper.debug.xcconfig */;
			buildSettings = {
				ASSETCATALOG_COMPILER_APPICON_NAME = AppIcon;
				CODE_SIGN_IDENTITY = "iPhone Developer";
				CODE_SIGN_STYLE = Manual;
				DEVELOPMENT_TEAM = LAHKG5G4RA;
				FRAMEWORK_SEARCH_PATHS = (
					"$(inherited)",
					"$(PROJECT_DIR)/IJKSDK",
				);
				INFOPLIST_FILE = WallPaper/Info.plist;
				LD_RUNPATH_SEARCH_PATHS = (
					"$(inherited)",
					"@executable_path/Frameworks",
				);
				PRODUCT_BUNDLE_IDENTIFIER = stark.dev;
				PRODUCT_NAME = "$(TARGET_NAME)";
				PROVISIONING_PROFILE_SPECIFIER = starkDev;
				SWIFT_VERSION = 5.0;
				TARGETED_DEVICE_FAMILY = "1,2";
			};
			name = Debug;
		};
		58BA6C7524C966DE00793D09 /* Release */ = {
			isa = XCBuildConfiguration;
			baseConfigurationReference = 426094CBA22274D41D8AEDAC /* Pods-WallPaper.release.xcconfig */;
			buildSettings = {
				ASSETCATALOG_COMPILER_APPICON_NAME = AppIcon;
				CODE_SIGN_IDENTITY = "iPhone Developer";
				CODE_SIGN_STYLE = Manual;
				DEVELOPMENT_TEAM = LAHKG5G4RA;
				FRAMEWORK_SEARCH_PATHS = (
					"$(inherited)",
					"$(PROJECT_DIR)/IJKSDK",
				);
				INFOPLIST_FILE = WallPaper/Info.plist;
				LD_RUNPATH_SEARCH_PATHS = (
					"$(inherited)",
					"@executable_path/Frameworks",
				);
				PRODUCT_BUNDLE_IDENTIFIER = stark.dev;
				PRODUCT_NAME = "$(TARGET_NAME)";
				PROVISIONING_PROFILE_SPECIFIER = starkDev;
				SWIFT_VERSION = 5.0;
				TARGETED_DEVICE_FAMILY = "1,2";
			};
			name = Release;
		};
/* End XCBuildConfiguration section */

/* Begin XCConfigurationList section */
		58BA6C5A24C966DC00793D09 /* Build configuration list for PBXProject "WallPaper" */ = {
			isa = XCConfigurationList;
			buildConfigurations = (
				58BA6C7124C966DE00793D09 /* Debug */,
				58BA6C7224C966DE00793D09 /* Release */,
			);
			defaultConfigurationIsVisible = 0;
			defaultConfigurationName = Release;
		};
		58BA6C7324C966DE00793D09 /* Build configuration list for PBXNativeTarget "WallPaper" */ = {
			isa = XCConfigurationList;
			buildConfigurations = (
				58BA6C7424C966DE00793D09 /* Debug */,
				58BA6C7524C966DE00793D09 /* Release */,
			);
			defaultConfigurationIsVisible = 0;
			defaultConfigurationName = Release;
		};
/* End XCConfigurationList section */
	};
	rootObject = 58BA6C5724C966DC00793D09 /* Project object */;
}
